
Microsoft Visual Studio Solution File, Format Version 12.00
# Visual Studio Version 16
VisualStudioVersion = 16.0.32106.194
MinimumVisualStudioVersion = 10.0.40219.1
Project("{FAE04EC0-301F-11D3-BF4B-00C04F79EFBC}") = "School", "School\School.csproj", "{1CCA80EA-3109-4B63-B9EB-613DAE939ED1}"
EndProject
Global
	GlobalSection(SolutionConfigurationPlatforms) = preSolution
		Debug|Any CPU = Debug|Any CPU
		Release|Any CPU = Release|Any CPU
	EndGlobalSection
	GlobalSection(ProjectConfigurationPlatforms) = postSolution
		{1CCA80EA-3109-4B63-B9EB-613DAE939ED1}.Debug|Any CPU.ActiveCfg = Debug|Any CPU
		{1CCA80EA-3109-4B63-B9EB-613DAE939ED1}.Debug|Any CPU.Build.0 = Debug|Any CPU
		{1CCA80EA-3109-4B63-B9EB-613DAE939ED1}.Release|Any CPU.ActiveCfg = Release|Any CPU
		{1CCA80EA-3109-4B63-B9EB-613DAE939ED1}.Release|Any CPU.Build.0 = Release|Any CPU
	EndGlobalSection
	GlobalSection(SolutionProperties) = preSolution
		HideSolutionNode = FALSE
	EndGlobalSection
	GlobalSection(ExtensibilityGlobals) = postSolution
		SolutionGuid = {427AD2E5-2EE8-4CCE-9E93-41378BCE41C3}
	EndGlobalSection
EndGlobal
